// !$*UTF8*$!
{
	archiveVersion = 1;
	classes = {
	};
	objectVersion = 46;
	objects = {

/* Begin PBXBuildFile section */
		3ED6317A1E3056FC002AA258 /* AppDelegate.swift in Sources */ = {isa = PBXBuildFile; fileRef = 3ED631791E3056FC002AA258 /* AppDelegate.swift */; };
		3ED6317C1E3056FC002AA258 /* ViewController.swift in Sources */ = {isa = PBXBuildFile; fileRef = 3ED6317B1E3056FC002AA258 /* ViewController.swift */; };
		3ED6317F1E3056FC002AA258 /* Main.storyboard in Resources */ = {isa = PBXBuildFile; fileRef = 3ED6317D1E3056FC002AA258 /* Main.storyboard */; };
		3ED631811E3056FC002AA258 /* Assets.xcassets in Resources */ = {isa = PBXBuildFile; fileRef = 3ED631801E3056FC002AA258 /* Assets.xcassets */; };
		3ED631841E3056FC002AA258 /* LaunchScreen.storyboard in Resources */ = {isa = PBXBuildFile; fileRef = 3ED631821E3056FC002AA258 /* LaunchScreen.storyboard */; };
/* End PBXBuildFile section */

/* Begin PBXFileReference section */
		3ED631761E3056FC002AA258 /* SwipeMe.app */ = {isa = PBXFileReference; explicitFileType = wrapper.application; includeInIndex = 0; path = SwipeMe.app; sourceTree = BUILT_PRODUCTS_DIR; };
		3ED631791E3056FC002AA258 /* AppDelegate.swift */ = {isa = PBXFileReference; lastKnownFileType = sourcecode.swift; path = AppDelegate.swift; sourceTree = "<group>"; };
		3ED6317B1E3056FC002AA258 /* ViewController.swift */ = {isa = PBXFileReference; lastKnownFileType = sourcecode.swift; path = ViewController.swift; sourceTree = "<group>"; };
		3ED6317E1E3056FC002AA258 /* Base */ = {isa = PBXFileReference; lastKnownFileType = file.storyboard; name = Base; path = Base.lproj/Main.storyboard; sourceTree = "<group>"; };
		3ED631801E3056FC002AA258 /* Assets.xcassets */ = {isa = PBXFileReference; lastKnownFileType = folder.assetcatalog; path = Assets.xcassets; sourceTree = "<group>"; };
		3ED631831E3056FC002AA258 /* Base */ = {isa = PBXFileReference; lastKnownFileType = file.storyboard; name = Base; path = Base.lproj/LaunchScreen.storyboard; sourceTree = "<group>"; };
		3ED631851E3056FC002AA258 /* Info.plist */ = {isa = PBXFileReference; lastKnownFileType = text.plist.xml; path = Info.plist; sourceTree = "<group>"; };
/* End PBXFileReference section */

/* Begin PBXFrameworksBuildPhase section */
		3ED631731E3056FC002AA258 /* Frameworks */ = {
			isa = PBXFrameworksBuildPhase;
			buildActionMask = 2147483647;
			files = (
			);
			runOnlyForDeploymentPostprocessing = 0;
		};
/* End PBXFrameworksBuildPhase section */

/* Begin PBXGroup section */
		3ED6316D1E3056FC002AA258 = {
			isa = PBXGroup;
			children = (
				3ED631781E3056FC002AA258 /* SwipeMe */,
				3ED631771E3056FC002AA258 /* Products */,
			);
			sourceTree = "<group>";
		};
		3ED631771E3056FC002AA258 /* Products */ = {
			isa = PBXGroup;
			children = (
				3ED631761E3056FC002AA258 /* SwipeMe.app */,
			);
			name = Products;
			sourceTree = "<group>";
		};
		3ED631781E3056FC002AA258 /* SwipeMe */ = {
			isa = PBXGroup;
			children = (
				3ED631791E3056FC002AA258 /* AppDelegate.swift */,
				3ED6317B1E3056FC002AA258 /* ViewController.swift */,
				3ED6317D1E3056FC002AA258 /* Main.storyboard */,
				3ED631801E3056FC002AA258 /* Assets.xcassets */,
				3ED631821E3056FC002AA258 /* LaunchScreen.storyboard */,
				3ED631851E3056FC002AA258 /* Info.plist */,
			);
			path = SwipeMe;
			sourceTree = "<group>";
		};
/* End PBXGroup section */

/* Begin PBXNativeTarget section */
		3ED631751E3056FC002AA258 /* SwipeMe */ = {
			isa = PBXNativeTarget;
			buildConfigurationList = 3ED631881E3056FC002AA258 /* Build configuration list for PBXNativeTarget "SwipeMe" */;
			buildPhases = (
				3ED631721E3056FC002AA258 /* Sources */,
				3ED631731E3056FC002AA258 /* Frameworks */,
				3ED631741E3056FC002AA258 /* Resources */,
			);
			buildRules = (
			);
			dependencies = (
			);
			name = SwipeMe;
			productName = SwipeMe;
			productReference = 3ED631761E3056FC002AA258 /* SwipeMe.app */;
			productType = "com.apple.product-type.application";
		};
/* End PBXNativeTarget section */

/* Begin PBXProject section */
		3ED6316E1E3056FC002AA258 /* Project object */ = {
			isa = PBXProject;
			attributes = {
				LastSwiftUpdateCheck = 0820;
				LastUpgradeCheck = 0820;
				ORGANIZATIONNAME = Gallaugher;
				TargetAttributes = {
					3ED631751E3056FC002AA258 = {
						CreatedOnToolsVersion = 8.2;
						DevelopmentTeam = 9937BJYLPH;
						ProvisioningStyle = Automatic;
					};
				};
			};
			buildConfigurationList = 3ED631711E3056FC002AA258 /* Build configuration list for PBXProject "SwipeMe" */;
			compatibilityVersion = "Xcode 3.2";
			developmentRegion = English;
			hasScannedForEncodings = 0;
			knownRegions = (
				en,
				Base,
			);
			mainGroup = 3ED6316D1E3056FC002AA258;
			productRefGroup = 3ED631771E3056FC002AA258 /* Products */;
			projectDirPath = "";
			projectRoot = "";
			targets = (
				3ED631751E3056FC002AA258 /* SwipeMe */,
			);
		};
/* End PBXProject section */

/* Begin PBXResourcesBuildPhase section */
		3ED631741E3056FC002AA258 /* Resources */ = {
			isa = PBXResourcesBuildPhase;
			buildActionMask = 2147483647;
			files = (
				3ED631841E3056FC002AA258 /* LaunchScreen.storyboard in Resources */,
				3ED631811E3056FC002AA258 /* Assets.xcassets in Resources */,
				3ED6317F1E3056FC002AA258 /* Main.storyboard in Resources */,
			);
			runOnlyForDeploymentPostprocessing = 0;
		};
/* End PBXResourcesBuildPhase section */

/* Begin PBXSourcesBuildPhase section */
		3ED631721E3056FC002AA258 /* Sources */ = {
			isa = PBXSourcesBuildPhase;
			buildActionMask = 2147483647;
			files = (
				3ED6317C1E3056FC002AA258 /* ViewController.swift in Sources */,
				3ED6317A1E3056FC002AA258 /* AppDelegate.swift in Sources */,
			);
			runOnlyForDeploymentPostprocessing = 0;
		};
/* End PBXSourcesBuildPhase section */

/* Begin PBXVariantGroup section */
		3ED6317D1E3056FC002AA258 /* Main.storyboard */ = {
			isa = PBXVariantGroup;
			children = (
				3ED6317E1E3056FC002AA258 /* Base */,
			);
			name = Main.storyboard;
			sourceTree = "<group>";
		};
		3ED631821E3056FC002AA258 /* LaunchScreen.storyboard */ = {
			isa = PBXVariantGroup;
			children = (
				3ED631831E3056FC002AA258 /* Base */,
			);
			name = LaunchScreen.storyboard;
			sourceTree = "<group>";
		};
/* End PBXVariantGroup section */

/* Begin XCBuildConfiguration section */
		3ED631861E3056FC002AA258 /* Debug */ = {
			isa = XCBuildConfiguration;
			buildSettings = {
				ALWAYS_SEARCH_USER_PATHS = NO;
				CLANG_ANALYZER_NONNULL = YES;
				CLANG_CXX_LANGUAGE_STANDARD = "gnu++0x";
				CLANG_CXX_LIBRARY = "libc++";
				CLANG_ENABLE_MODULES = YES;
				CLANG_ENABLE_OBJC_ARC = YES;
				CLANG_WARN_BOOL_CONVERSION = YES;
				CLANG_WARN_CONSTANT_CONVERSION = YES;
				CLANG_WARN_DIRECT_OBJC_ISA_USAGE = YES_ERROR;
				CLANG_WARN_DOCUMENTATION_COMMENTS = YES;
				CLANG_WARN_EMPTY_BODY = YES;
				CLANG_WARN_ENUM_CONVERSION = YES;
				CLANG_WARN_INFINITE_RECURSION = YES;
				CLANG_WARN_INT_CONVERSION = YES;
				CLANG_WARN_OBJC_ROOT_CLASS = YES_ERROR;
				CLANG_WARN_SUSPICIOUS_MOVE = YES;
				CLANG_WARN_UNREACHABLE_CODE = YES;
				CLANG_WARN__DUPLICATE_METHOD_MATCH = YES;
				"CODE_SIGN_IDENTITY[sdk=iphoneos*]" = "iPhone Developer";
				COPY_PHASE_STRIP = NO;
				DEBUG_INFORMATION_FORMAT = dwarf;
				ENABLE_STRICT_OBJC_MSGSEND = YES;
				ENABLE_TESTABILITY = YES;
				GCC_C_LANGUAGE_STANDARD = gnu99;
				GCC_DYNAMIC_NO_PIC = NO;
				GCC_NO_COMMON_BLOCKS = YES;
				GCC_OPTIMIZATION_LEVEL = 0;
				GCC_PREPROCESSOR_DEFINITIONS = (
					"DEBUG=1",
					"$(inherited)",
				);
				GCC_WARN_64_TO_32_BIT_CONVERSION = YES;
				GCC_WARN_ABOUT_RETURN_TYPE = YES_ERROR;
				GCC_WARN_UNDECLARED_SELECTOR = YES;
				GCC_WARN_UNINITIALIZED_AUTOS = YES_AGGRESSIVE;
				GCC_WARN_UNUSED_FUNCTION = YES;
				GCC_WARN_UNUSED_VARIABLE = YES;
				IPHONEOS_DEPLOYMENT_TARGET = 10.2;
				MTL_ENABLE_DEBUG_INFO = YES;
				ONLY_ACTIVE_ARCH = YES;
				SDKROOT = iphoneos;
				SWIFT_ACTIVE_COMPILATION_CONDITIONS = DEBUG;
				SWIFT_OPTIMIZATION_LEVEL = "-Onone";
				TARGETED_DEVICE_FAMILY = "1,2";
			};
			name = Debug;
		};
		3ED631871E3056FC002AA258 /* Release */ = {
			isa = XCBuildConfiguration;
			buildSettings = {
				ALWAYS_SEARCH_USER_PATHS = NO;
				CLANG_ANALYZER_NONNULL = YES;
				CLANG_CXX_LANGUAGE_STANDARD = "gnu++0x";
				CLANG_CXX_LIBRARY = "libc++";
				CLANG_ENABLE_MODULES = YES;
				CLANG_ENABLE_OBJC_ARC = YES;
				CLANG_WARN_BOOL_CONVERSION = YES;
				CLANG_WARN_CONSTANT_CONVERSION = YES;
				CLANG_WARN_DIRECT_OBJC_ISA_USAGE = YES_ERROR;
				CLANG_WARN_DOCUMENTATION_COMMENTS = YES;
				CLANG_WARN_EMPTY_BODY = YES;
				CLANG_WARN_ENUM_CONVERSION = YES;
				CLANG_WARN_INFINITE_RECURSION = YES;
				CLANG_WARN_INT_CONVERSION = YES;
				CLANG_WARN_OBJC_ROOT_CLASS = YES_ERROR;
				CLANG_WARN_SUSPICIOUS_MOVE = YES;
				CLANG_WARN_UNREACHABLE_CODE = YES;
				CLANG_WARN__DUPLICATE_METHOD_MATCH = YES;
				"CODE_SIGN_IDENTITY[sdk=iphoneos*]" = "iPhone Developer";
				COPY_PHASE_STRIP = NO;
				DEBUG_INFORMATION_FORMAT = "dwarf-with-dsym";
				ENABLE_NS_ASSERTIONS = NO;
				ENABLE_STRICT_OBJC_MSGSEND = YES;
				GCC_C_LANGUAGE_STANDARD = gnu99;
				GCC_NO_COMMON_BLOCKS = YES;
				GCC_WARN_64_TO_32_BIT_CONVERSION = YES;
				GCC_WARN_ABOUT_RETURN_TYPE = YES_ERROR;
				GCC_WARN_UNDECLARED_SELECTOR = YES;
				GCC_WARN_UNINITIALIZED_AUTOS = YES_AGGRESSIVE;
				GCC_WARN_UNUSED_FUNCTION = YES;
				GCC_WARN_UNUSED_VARIABLE = YES;
				IPHONEOS_DEPLOYMENT_TARGET = 10.2;
				MTL_ENABLE_DEBUG_INFO = NO;
				SDKROOT = iphoneos;
				SWIFT_OPTIMIZATION_LEVEL = "-Owholemodule";
				TARGETED_DEVICE_FAMILY = "1,2";
				VALIDATE_PRODUCT = YES;
			};
			name = Release;
		};
		3ED631891E3056FC002AA258 /* Debug */ = {
			isa = XCBuildConfiguration;
			buildSettings = {
				ASSETCATALOG_COMPILER_APPICON_NAME = AppIcon;
				DEVELOPMENT_TEAM = 9937BJYLPH;
				INFOPLIST_FILE = SwipeMe/Info.plist;
				LD_RUNPATH_SEARCH_PATHS = "$(inherited) @executable_path/Frameworks";
				PRODUCT_BUNDLE_IDENTIFIER = com.gallaugher.SwipeMe;
				PRODUCT_NAME = "$(TARGET_NAME)";
				SWIFT_VERSION = 3.0;
			};
			name = Debug;
		};
		3ED6318A1E3056FC002AA258 /* Release */ = {
			isa = XCBuildConfiguration;
			buildSettings = {
				ASSETCATALOG_COMPILER_APPICON_NAME = AppIcon;
				DEVELOPMENT_TEAM = 9937BJYLPH;
				INFOPLIST_FILE = SwipeMe/Info.plist;
				LD_RUNPATH_SEARCH_PATHS = "$(inherited) @executable_path/Frameworks";
				PRODUCT_BUNDLE_IDENTIFIER = com.gallaugher.SwipeMe;
				PRODUCT_NAME = "$(TARGET_NAME)";
				SWIFT_VERSION = 3.0;
			};
			name = Release;
		};
/* End XCBuildConfiguration section */

/* Begin XCConfigurationList section */
		3ED631711E3056FC002AA258 /* Build configuration list for PBXProject "SwipeMe" */ = {
			isa = XCConfigurationList;
			buildConfigurations = (
				3ED631861E3056FC002AA258 /* Debug */,
				3ED631871E3056FC002AA258 /* Release */,
			);
			defaultConfigurationIsVisible = 0;
			defaultConfigurationName = Release;
		};
		3ED631881E3056FC002AA258 /* Build configuration list for PBXNativeTarget "SwipeMe" */ = {
			isa = XCConfigurationList;
			buildConfigurations = (
				3ED631891E3056FC002AA258 /* Debug */,
				3ED6318A1E3056FC002AA258 /* Release */,
			);
			defaultConfigurationIsVisible = 0;
		};
/* End XCConfigurationList section */
	};
	rootObject = 3ED6316E1E3056FC002AA258 /* Project object */;
}
